// !$*UTF8*$!
{
	archiveVersion = 1;
	classes = {
	};
	objectVersion = 50;
	objects = {

/* Begin PBXBuildFile section */
		F0264D5D267342EA006D18D9 /* LaunchScreen.storyboard in Resources */ = {isa = PBXBuildFile; fileRef = F0264D5C267342EA006D18D9 /* LaunchScreen.storyboard */; };
		F09D9C5F264168F000BD91CD /* HackerNewsApp.swift in Sources */ = {isa = PBXBuildFile; fileRef = F09D9C5E264168F000BD91CD /* HackerNewsApp.swift */; };
		F09D9C61264168F000BD91CD /* ContentView.swift in Sources */ = {isa = PBXBuildFile; fileRef = F09D9C60264168F000BD91CD /* ContentView.swift */; };
		F09D9C63264168F100BD91CD /* Assets.xcassets in Resources */ = {isa = PBXBuildFile; fileRef = F09D9C62264168F100BD91CD /* Assets.xcassets */; };
		F09D9C66264168F100BD91CD /* Preview Assets.xcassets in Resources */ = {isa = PBXBuildFile; fileRef = F09D9C65264168F100BD91CD /* Preview Assets.xcassets */; };
		F09D9C7026416A6A00BD91CD /* ViewModel.swift in Sources */ = {isa = PBXBuildFile; fileRef = F09D9C6F26416A6A00BD91CD /* ViewModel.swift */; };
		F09D9C7426416B1F00BD91CD /* PostData.swift in Sources */ = {isa = PBXBuildFile; fileRef = F09D9C7326416B1F00BD91CD /* PostData.swift */; };
		F09D9C7826416D9800BD91CD /* DetailView.swift in Sources */ = {isa = PBXBuildFile; fileRef = F09D9C7726416D9800BD91CD /* DetailView.swift */; };
		F09D9C7C26416F6400BD91CD /* WebView.swift in Sources */ = {isa = PBXBuildFile; fileRef = F09D9C7B26416F6400BD91CD /* WebView.swift */; };
		F0C8BB9928508B770033868A /* InfoView.swift in Sources */ = {isa = PBXBuildFile; fileRef = F0C8BB9828508B770033868A /* InfoView.swift */; };
/* End PBXBuildFile section */

/* Begin PBXFileReference section */
		F0264D5C267342EA006D18D9 /* LaunchScreen.storyboard */ = {isa = PBXFileReference; lastKnownFileType = file.storyboard; path = LaunchScreen.storyboard; sourceTree = "<group>"; };
		F0432935264B1B4C00D75DAC /* README.md */ = {isa = PBXFileReference; lastKnownFileType = net.daringfireball.markdown; path = README.md; sourceTree = "<group>"; };
		F09D9C5B264168F000BD91CD /* HackerNews.app */ = {isa = PBXFileReference; explicitFileType = wrapper.application; includeInIndex = 0; path = HackerNews.app; sourceTree = BUILT_PRODUCTS_DIR; };
		F09D9C5E264168F000BD91CD /* HackerNewsApp.swift */ = {isa = PBXFileReference; lastKnownFileType = sourcecode.swift; path = HackerNewsApp.swift; sourceTree = "<group>"; };
		F09D9C60264168F000BD91CD /* ContentView.swift */ = {isa = PBXFileReference; lastKnownFileType = sourcecode.swift; path = ContentView.swift; sourceTree = "<group>"; };
		F09D9C62264168F100BD91CD /* Assets.xcassets */ = {isa = PBXFileReference; lastKnownFileType = folder.assetcatalog; path = Assets.xcassets; sourceTree = "<group>"; };
		F09D9C65264168F100BD91CD /* Preview Assets.xcassets */ = {isa = PBXFileReference; lastKnownFileType = folder.assetcatalog; path = "Preview Assets.xcassets"; sourceTree = "<group>"; };
		F09D9C67264168F100BD91CD /* Info.plist */ = {isa = PBXFileReference; lastKnownFileType = text.plist.xml; path = Info.plist; sourceTree = "<group>"; };
		F09D9C6F26416A6A00BD91CD /* ViewModel.swift */ = {isa = PBXFileReference; lastKnownFileType = sourcecode.swift; path = ViewModel.swift; sourceTree = "<group>"; };
		F09D9C7326416B1F00BD91CD /* PostData.swift */ = {isa = PBXFileReference; lastKnownFileType = sourcecode.swift; path = PostData.swift; sourceTree = "<group>"; };
		F09D9C7726416D9800BD91CD /* DetailView.swift */ = {isa = PBXFileReference; lastKnownFileType = sourcecode.swift; path = DetailView.swift; sourceTree = "<group>"; };
		F09D9C7B26416F6400BD91CD /* WebView.swift */ = {isa = PBXFileReference; lastKnownFileType = sourcecode.swift; path = WebView.swift; sourceTree = "<group>"; };
		F0C8BB9828508B770033868A /* InfoView.swift */ = {isa = PBXFileReference; lastKnownFileType = sourcecode.swift; path = InfoView.swift; sourceTree = "<group>"; };
/* End PBXFileReference section */

/* Begin PBXFrameworksBuildPhase section */
		F09D9C58264168F000BD91CD /* Frameworks */ = {
			isa = PBXFrameworksBuildPhase;
			buildActionMask = 2147483647;
			files = (
			);
			runOnlyForDeploymentPostprocessing = 0;
		};
/* End PBXFrameworksBuildPhase section */

/* Begin PBXGroup section */
		F09D9C52264168F000BD91CD = {
			isa = PBXGroup;
			children = (
				F0432935264B1B4C00D75DAC /* README.md */,
				F09D9C5D264168F000BD91CD /* HackerNews */,
				F09D9C5C264168F000BD91CD /* Products */,
			);
			sourceTree = "<group>";
		};
		F09D9C5C264168F000BD91CD /* Products */ = {
			isa = PBXGroup;
			children = (
				F09D9C5B264168F000BD91CD /* HackerNews.app */,
			);
			name = Products;
			sourceTree = "<group>";
		};
		F09D9C5D264168F000BD91CD /* HackerNews */ = {
			isa = PBXGroup;
			children = (
				F09D9C7626416D8400BD91CD /* View */,
				F09D9C6E26416A5600BD91CD /* Model */,
				F09EB1EB2672126900FDF779 /* Support Files */,
				F09D9C64264168F100BD91CD /* Preview Content */,
			);
			path = HackerNews;
			sourceTree = "<group>";
		};
		F09D9C64264168F100BD91CD /* Preview Content */ = {
			isa = PBXGroup;
			children = (
				F09D9C65264168F100BD91CD /* Preview Assets.xcassets */,
			);
			path = "Preview Content";
			sourceTree = "<group>";
		};
		F09D9C6E26416A5600BD91CD /* Model */ = {
			isa = PBXGroup;
			children = (
				F09D9C6F26416A6A00BD91CD /* ViewModel.swift */,
				F09D9C7326416B1F00BD91CD /* PostData.swift */,
			);
			path = Model;
			sourceTree = "<group>";
		};
		F09D9C7626416D8400BD91CD /* View */ = {
			isa = PBXGroup;
			children = (
				F09D9C60264168F000BD91CD /* ContentView.swift */,
				F09D9C7726416D9800BD91CD /* DetailView.swift */,
				F09D9C7B26416F6400BD91CD /* WebView.swift */,
				F0C8BB9828508B770033868A /* InfoView.swift */,
			);
			path = View;
			sourceTree = "<group>";
		};
		F09EB1EB2672126900FDF779 /* Support Files */ = {
			isa = PBXGroup;
			children = (
				F09D9C5E264168F000BD91CD /* HackerNewsApp.swift */,
				F09D9C62264168F100BD91CD /* Assets.xcassets */,
				F09D9C67264168F100BD91CD /* Info.plist */,
				F0264D5C267342EA006D18D9 /* LaunchScreen.storyboard */,
			);
			path = "Support Files";
			sourceTree = "<group>";
		};
/* End PBXGroup section */

/* Begin PBXNativeTarget section */
		F09D9C5A264168F000BD91CD /* HackerNews */ = {
			isa = PBXNativeTarget;
			buildConfigurationList = F09D9C6A264168F100BD91CD /* Build configuration list for PBXNativeTarget "HackerNews" */;
			buildPhases = (
				F09D9C57264168F000BD91CD /* Sources */,
				F09D9C58264168F000BD91CD /* Frameworks */,
				F09D9C59264168F000BD91CD /* Resources */,
			);
			buildRules = (
			);
			dependencies = (
			);
			name = HackerNews;
			packageProductDependencies = (
			);
			productName = HackerNewsSwiftUI;
			productReference = F09D9C5B264168F000BD91CD /* HackerNews.app */;
			productType = "com.apple.product-type.application";
		};
/* End PBXNativeTarget section */

/* Begin PBXProject section */
		F09D9C53264168F000BD91CD /* Project object */ = {
			isa = PBXProject;
			attributes = {
				LastSwiftUpdateCheck = 1240;
				LastUpgradeCheck = 1240;
				TargetAttributes = {
					F09D9C5A264168F000BD91CD = {
						CreatedOnToolsVersion = 12.4;
					};
				};
			};
			buildConfigurationList = F09D9C56264168F000BD91CD /* Build configuration list for PBXProject "HackerNews" */;
			compatibilityVersion = "Xcode 9.3";
			developmentRegion = en;
			hasScannedForEncodings = 0;
			knownRegions = (
				en,
				Base,
			);
			mainGroup = F09D9C52264168F000BD91CD;
			packageReferences = (
			);
			productRefGroup = F09D9C5C264168F000BD91CD /* Products */;
			projectDirPath = "";
			projectRoot = "";
			targets = (
				F09D9C5A264168F000BD91CD /* HackerNews */,
			);
		};
/* End PBXProject section */

/* Begin PBXResourcesBuildPhase section */
		F09D9C59264168F000BD91CD /* Resources */ = {
			isa = PBXResourcesBuildPhase;
			buildActionMask = 2147483647;
			files = (
				F0264D5D267342EA006D18D9 /* LaunchScreen.storyboard in Resources */,
				F09D9C66264168F100BD91CD /* Preview Assets.xcassets in Resources */,
				F09D9C63264168F100BD91CD /* Assets.xcassets in Resources */,
			);
			runOnlyForDeploymentPostprocessing = 0;
		};
/* End PBXResourcesBuildPhase section */

/* Begin PBXSourcesBuildPhase section */
		F09D9C57264168F000BD91CD /* Sources */ = {
			isa = PBXSourcesBuildPhase;
			buildActionMask = 2147483647;
			files = (
				F0C8BB9928508B770033868A /* InfoView.swift in Sources */,
				F09D9C7026416A6A00BD91CD /* ViewModel.swift in Sources */,
				F09D9C7426416B1F00BD91CD /* PostData.swift in Sources */,
				F09D9C61264168F000BD91CD /* ContentView.swift in Sources */,
				F09D9C7C26416F6400BD91CD /* WebView.swift in Sources */,
				F09D9C7826416D9800BD91CD /* DetailView.swift in Sources */,
				F09D9C5F264168F000BD91CD /* HackerNewsApp.swift in Sources */,
			);
			runOnlyForDeploymentPostprocessing = 0;
		};
/* End PBXSourcesBuildPhase section */

/* Begin XCBuildConfiguration section */
		F09D9C68264168F100BD91CD /* Debug */ = {
			isa = XCBuildConfiguration;
			buildSettings = {
				ALWAYS_SEARCH_USER_PATHS = NO;
				CLANG_ANALYZER_NONNULL = YES;
				CLANG_ANALYZER_NUMBER_OBJECT_CONVERSION = YES_AGGRESSIVE;
				CLANG_CXX_LANGUAGE_STANDARD = "gnu++14";
				CLANG_CXX_LIBRARY = "libc++";
				CLANG_ENABLE_MODULES = YES;
				CLANG_ENABLE_OBJC_ARC = YES;
				CLANG_ENABLE_OBJC_WEAK = YES;
				CLANG_WARN_BLOCK_CAPTURE_AUTORELEASING = YES;
				CLANG_WARN_BOOL_CONVERSION = YES;
				CLANG_WARN_COMMA = YES;
				CLANG_WARN_CONSTANT_CONVERSION = YES;
				CLANG_WARN_DEPRECATED_OBJC_IMPLEMENTATIONS = YES;
				CLANG_WARN_DIRECT_OBJC_ISA_USAGE = YES_ERROR;
				CLANG_WARN_DOCUMENTATION_COMMENTS = YES;
				CLANG_WARN_EMPTY_BODY = YES;
				CLANG_WARN_ENUM_CONVERSION = YES;
				CLANG_WARN_INFINITE_RECURSION = YES;
				CLANG_WARN_INT_CONVERSION = YES;
				CLANG_WARN_NON_LITERAL_NULL_CONVERSION = YES;
				CLANG_WARN_OBJC_IMPLICIT_RETAIN_SELF = YES;
				CLANG_WARN_OBJC_LITERAL_CONVERSION = YES;
				CLANG_WARN_OBJC_ROOT_CLASS = YES_ERROR;
				CLANG_WARN_QUOTED_INCLUDE_IN_FRAMEWORK_HEADER = YES;
				CLANG_WARN_RANGE_LOOP_ANALYSIS = YES;
				CLANG_WARN_STRICT_PROTOTYPES = YES;
				CLANG_WARN_SUSPICIOUS_MOVE = YES;
				CLANG_WARN_UNGUARDED_AVAILABILITY = YES_AGGRESSIVE;
				CLANG_WARN_UNREACHABLE_CODE = YES;
				CLANG_WARN__DUPLICATE_METHOD_MATCH = YES;
				COPY_PHASE_STRIP = NO;
				DEBUG_INFORMATION_FORMAT = dwarf;
				ENABLE_STRICT_OBJC_MSGSEND = YES;
				ENABLE_TESTABILITY = YES;
				GCC_C_LANGUAGE_STANDARD = gnu11;
				GCC_DYNAMIC_NO_PIC = NO;
				GCC_NO_COMMON_BLOCKS = YES;
				GCC_OPTIMIZATION_LEVEL = 0;
				GCC_PREPROCESSOR_DEFINITIONS = (
					"DEBUG=1",
					"$(inherited)",
				);
				GCC_WARN_64_TO_32_BIT_CONVERSION = YES;
				GCC_WARN_ABOUT_RETURN_TYPE = YES_ERROR;
				GCC_WARN_UNDECLARED_SELECTOR = YES;
				GCC_WARN_UNINITIALIZED_AUTOS = YES_AGGRESSIVE;
				GCC_WARN_UNUSED_FUNCTION = YES;
				GCC_WARN_UNUSED_VARIABLE = YES;
				IPHONEOS_DEPLOYMENT_TARGET = 15.0;
				MTL_ENABLE_DEBUG_INFO = INCLUDE_SOURCE;
				MTL_FAST_MATH = YES;
				ONLY_ACTIVE_ARCH = YES;
				SDKROOT = iphoneos;
				SWIFT_ACTIVE_COMPILATION_CONDITIONS = DEBUG;
				SWIFT_OPTIMIZATION_LEVEL = "-Onone";
			};
			name = Debug;
		};
		F09D9C69264168F100BD91CD /* Release */ = {
			isa = XCBuildConfiguration;
			buildSettings = {
				ALWAYS_SEARCH_USER_PATHS = NO;
				CLANG_ANALYZER_NONNULL = YES;
				CLANG_ANALYZER_NUMBER_OBJECT_CONVERSION = YES_AGGRESSIVE;
				CLANG_CXX_LANGUAGE_STANDARD = "gnu++14";
				CLANG_CXX_LIBRARY = "libc++";
				CLANG_ENABLE_MODULES = YES;
				CLANG_ENABLE_OBJC_ARC = YES;
				CLANG_ENABLE_OBJC_WEAK = YES;
				CLANG_WARN_BLOCK_CAPTURE_AUTORELEASING = YES;
				CLANG_WARN_BOOL_CONVERSION = YES;
				CLANG_WARN_COMMA = YES;
				CLANG_WARN_CONSTANT_CONVERSION = YES;
				CLANG_WARN_DEPRECATED_OBJC_IMPLEMENTATIONS = YES;
				CLANG_WARN_DIRECT_OBJC_ISA_USAGE = YES_ERROR;
				CLANG_WARN_DOCUMENTATION_COMMENTS = YES;
				CLANG_WARN_EMPTY_BODY = YES;
				CLANG_WARN_ENUM_CONVERSION = YES;
				CLANG_WARN_INFINITE_RECURSION = YES;
				CLANG_WARN_INT_CONVERSION = YES;
				CLANG_WARN_NON_LITERAL_NULL_CONVERSION = YES;
				CLANG_WARN_OBJC_IMPLICIT_RETAIN_SELF = YES;
				CLANG_WARN_OBJC_LITERAL_CONVERSION = YES;
				CLANG_WARN_OBJC_ROOT_CLASS = YES_ERROR;
				CLANG_WARN_QUOTED_INCLUDE_IN_FRAMEWORK_HEADER = YES;
				CLANG_WARN_RANGE_LOOP_ANALYSIS = YES;
				CLANG_WARN_STRICT_PROTOTYPES = YES;
				CLANG_WARN_SUSPICIOUS_MOVE = YES;
				CLANG_WARN_UNGUARDED_AVAILABILITY = YES_AGGRESSIVE;
				CLANG_WARN_UNREACHABLE_CODE = YES;
				CLANG_WARN__DUPLICATE_METHOD_MATCH = YES;
				COPY_PHASE_STRIP = NO;
				DEBUG_INFORMATION_FORMAT = "dwarf-with-dsym";
				ENABLE_NS_ASSERTIONS = NO;
				ENABLE_STRICT_OBJC_MSGSEND = YES;
				GCC_C_LANGUAGE_STANDARD = gnu11;
				GCC_NO_COMMON_BLOCKS = YES;
				GCC_WARN_64_TO_32_BIT_CONVERSION = YES;
				GCC_WARN_ABOUT_RETURN_TYPE = YES_ERROR;
				GCC_WARN_UNDECLARED_SELECTOR = YES;
				GCC_WARN_UNINITIALIZED_AUTOS = YES_AGGRESSIVE;
				GCC_WARN_UNUSED_FUNCTION = YES;
				GCC_WARN_UNUSED_VARIABLE = YES;
				IPHONEOS_DEPLOYMENT_TARGET = 15.0;
				MTL_ENABLE_DEBUG_INFO = NO;
				MTL_FAST_MATH = YES;
				SDKROOT = iphoneos;
				SWIFT_COMPILATION_MODE = wholemodule;
				SWIFT_OPTIMIZATION_LEVEL = "-O";
				VALIDATE_PRODUCT = YES;
			};
			name = Release;
		};
		F09D9C6B264168F100BD91CD /* Debug */ = {
			isa = XCBuildConfiguration;
			buildSettings = {
				ASSETCATALOG_COMPILER_APPICON_NAME = AppIcon;
				ASSETCATALOG_COMPILER_GLOBAL_ACCENT_COLOR_NAME = AccentColor;
				CODE_SIGN_STYLE = Automatic;
				CURRENT_PROJECT_VERSION = 5;
				DEVELOPMENT_ASSET_PATHS = "\"HackerNews/Preview Content\"";
				DEVELOPMENT_TEAM = QMW26WR72K;
				ENABLE_PREVIEWS = YES;
				INFOPLIST_FILE = "HackerNews/Support Files/Info.plist";
				IPHONEOS_DEPLOYMENT_TARGET = 15.0;
				LD_RUNPATH_SEARCH_PATHS = (
					"$(inherited)",
					"@executable_path/Frameworks",
				);
				MARKETING_VERSION = 2.1.3;
				PRODUCT_BUNDLE_IDENTIFIER = co.armanabkar.HackerNews;
				PRODUCT_NAME = "$(TARGET_NAME)";
				SWIFT_VERSION = 5.0;
				TARGETED_DEVICE_FAMILY = "1,2";
			};
			name = Debug;
		};
		F09D9C6C264168F100BD91CD /* Release */ = {
			isa = XCBuildConfiguration;
			buildSettings = {
				ASSETCATALOG_COMPILER_APPICON_NAME = AppIcon;
				ASSETCATALOG_COMPILER_GLOBAL_ACCENT_COLOR_NAME = AccentColor;
				CODE_SIGN_STYLE = Automatic;
				CURRENT_PROJECT_VERSION = 5;
				DEVELOPMENT_ASSET_PATHS = "\"HackerNews/Preview Content\"";
				DEVELOPMENT_TEAM = QMW26WR72K;
				ENABLE_PREVIEWS = YES;
				INFOPLIST_FILE = "HackerNews/Support Files/Info.plist";
				IPHONEOS_DEPLOYMENT_TARGET = 15.0;
				LD_RUNPATH_SEARCH_PATHS = (
					"$(inherited)",
					"@executable_path/Frameworks",
				);
				MARKETING_VERSION = 2.1.3;
				PRODUCT_BUNDLE_IDENTIFIER = co.armanabkar.HackerNews;
				PRODUCT_NAME = "$(TARGET_NAME)";
				SWIFT_VERSION = 5.0;
				TARGETED_DEVICE_FAMILY = "1,2";
			};
			name = Release;
		};
/* End XCBuildConfiguration section */

/* Begin XCConfigurationList section */
		F09D9C56264168F000BD91CD /* Build configuration list for PBXProject "HackerNews" */ = {
			isa = XCConfigurationList;
			buildConfigurations = (
				F09D9C68264168F100BD91CD /* Debug */,
				F09D9C69264168F100BD91CD /* Release */,
			);
			defaultConfigurationIsVisible = 0;
			defaultConfigurationName = Release;
		};
		F09D9C6A264168F100BD91CD /* Build configuration list for PBXNativeTarget "HackerNews" */ = {
			isa = XCConfigurationList;
			buildConfigurations = (
				F09D9C6B264168F100BD91CD /* Debug */,
				F09D9C6C264168F100BD91CD /* Release */,
			);
			defaultConfigurationIsVisible = 0;
			defaultConfigurationName = Release;
		};
/* End XCConfigurationList section */
	};
	rootObject = F09D9C53264168F000BD91CD /* Project object */;
}
